{
  "name": "GeoSnap",
  "lockfileVersion": 3,
  "requires": true,
  "packages": {
    "": {
      "dependencies": {
        "@types/leaflet": "^1.9.16",
        "exif-js": "^2.3.0",
        "leaflet": "^1.9.4"
      }
    },
    "node_modules/@types/geojson": {
      "version": "7946.0.15",
      "resolved": "https://registry.npmjs.org/@types/geojson/-/geojson-7946.0.15.tgz",
      "integrity": "sha512-9oSxFzDCT2Rj6DfcHF8G++jxBKS7mBqXl5xrRW+Kbvjry6Uduya2iiwqHPhVXpasAVMBYKkEPGgKhd3+/HZ6xA==",
      "license": "MIT"
    },
    "node_modules/@types/leaflet": {
      "version": "1.9.16",
      "resolved": "https://registry.npmjs.org/@types/leaflet/-/leaflet-1.9.16.tgz",
      "integrity": "sha512-wzZoyySUxkgMZ0ihJ7IaUIblG8Rdc8AbbZKLneyn+QjYsj5q1QU7TEKYqwTr10BGSzY5LI7tJk9Ifo+mEjdFRw==",
      "license": "MIT",
      "dependencies": {
        "@types/geojson": "*"
      }
    },
    "node_modules/exif-js": {
      "version": "2.3.0",
      "resolved": "https://registry.npmjs.org/exif-js/-/exif-js-2.3.0.tgz",
      "integrity": "sha512-1Og9pAzG2FZRVlaavH8bB8BTeHcjMdJhKmeQITkX+uLRCD0xPtKAdZ2clZmQdJ56p9adXtJ8+jwrGp/4505lYg==",
      "license": "MIT"
    },
    "node_modules/leaflet": {
      "version": "1.9.4",
      "resolved": "https://registry.npmjs.org/leaflet/-/leaflet-1.9.4.tgz",
      "integrity": "sha512-nxS1ynzJOmOlHp+iL3FyWqK89GtNL8U8rvlMOsQdTTssxZwCXh8N2NB3GDQOL+YR3XnWyZAxwQixURb+FA74PA==",
      "license": "BSD-2-Clause"
    }
  }
}
